
Microsoft Visual Studio Solution File, Format Version 12.00
# Visual Studio Version 16
VisualStudioVersion = 16.0.30523.141
MinimumVisualStudioVersion = 10.0.40219.1
Project("{FAE04EC0-301F-11D3-BF4B-00C04F79EFBC}") = "Inlämningsuppgift1 2020-11-13", "Inlämningsuppgift1 2020-11-13\Inlämningsuppgift1 2020-11-13.csproj", "{226B49B1-27BE-4483-A916-250C6A43A186}"
EndProject
Global
	GlobalSection(SolutionConfigurationPlatforms) = preSolution
		Debug|Any CPU = Debug|Any CPU
		Release|Any CPU = Release|Any CPU
	EndGlobalSection
	GlobalSection(ProjectConfigurationPlatforms) = postSolution
		{226B49B1-27BE-4483-A916-250C6A43A186}.Debug|Any CPU.ActiveCfg = Debug|Any CPU
		{226B49B1-27BE-4483-A916-250C6A43A186}.Debug|Any CPU.Build.0 = Debug|Any CPU
		{226B49B1-27BE-4483-A916-250C6A43A186}.Release|Any CPU.ActiveCfg = Release|Any CPU
		{226B49B1-27BE-4483-A916-250C6A43A186}.Release|Any CPU.Build.0 = Release|Any CPU
	EndGlobalSection
	GlobalSection(SolutionProperties) = preSolution
		HideSolutionNode = FALSE
	EndGlobalSection
	GlobalSection(ExtensibilityGlobals) = postSolution
		SolutionGuid = {678E11F5-124D-45CF-9792-8CDB412613DD}
	EndGlobalSection
EndGlobal
